
Microsoft Visual Studio Solution File, Format Version 12.00
# Visual Studio Version 17
VisualStudioVersion = 17.14.36623.8 d17.14
MinimumVisualStudioVersion = 10.0.40219.1
Project("{FAE04EC0-301F-11D3-BF4B-00C04F79EFBC}") = "ListeUygulaması", "ListeUygulaması\ListeUygulaması.csproj", "{06A006B4-1EF4-427C-895E-314A25EDD628}"
EndProject
Global
	GlobalSection(SolutionConfigurationPlatforms) = preSolution
		Debug|Any CPU = Debug|Any CPU
		Release|Any CPU = Release|Any CPU
	EndGlobalSection
	GlobalSection(ProjectConfigurationPlatforms) = postSolution
		{06A006B4-1EF4-427C-895E-314A25EDD628}.Debug|Any CPU.ActiveCfg = Debug|Any CPU
		{06A006B4-1EF4-427C-895E-314A25EDD628}.Debug|Any CPU.Build.0 = Debug|Any CPU
		{06A006B4-1EF4-427C-895E-314A25EDD628}.Release|Any CPU.ActiveCfg = Release|Any CPU
		{06A006B4-1EF4-427C-895E-314A25EDD628}.Release|Any CPU.Build.0 = Release|Any CPU
	EndGlobalSection
	GlobalSection(SolutionProperties) = preSolution
		HideSolutionNode = FALSE
	EndGlobalSection
	GlobalSection(ExtensibilityGlobals) = postSolution
		SolutionGuid = {D956CEBE-B57A-4833-9B3F-EB9BE71BFE0D}
	EndGlobalSection
EndGlobal
