
Microsoft Visual Studio Solution File, Format Version 12.00
# Visual Studio Version 17
VisualStudioVersion = 17.14.36623.8 d17.14
MinimumVisualStudioVersion = 10.0.40219.1
Project("{FAE04EC0-301F-11D3-BF4B-00C04F79EFBC}") = "DongulerFor", "DongulerFor\DongulerFor.csproj", "{66F0F69F-5FBD-4A46-99E9-56C96A25DA32}"
EndProject
Global
	GlobalSection(SolutionConfigurationPlatforms) = preSolution
		Debug|Any CPU = Debug|Any CPU
		Release|Any CPU = Release|Any CPU
	EndGlobalSection
	GlobalSection(ProjectConfigurationPlatforms) = postSolution
		{66F0F69F-5FBD-4A46-99E9-56C96A25DA32}.Debug|Any CPU.ActiveCfg = Debug|Any CPU
		{66F0F69F-5FBD-4A46-99E9-56C96A25DA32}.Debug|Any CPU.Build.0 = Debug|Any CPU
		{66F0F69F-5FBD-4A46-99E9-56C96A25DA32}.Release|Any CPU.ActiveCfg = Release|Any CPU
		{66F0F69F-5FBD-4A46-99E9-56C96A25DA32}.Release|Any CPU.Build.0 = Release|Any CPU
	EndGlobalSection
	GlobalSection(SolutionProperties) = preSolution
		HideSolutionNode = FALSE
	EndGlobalSection
	GlobalSection(ExtensibilityGlobals) = postSolution
		SolutionGuid = {60730CC3-5ABB-4121-A4C4-4D3D9E75FC57}
	EndGlobalSection
EndGlobal
