
Microsoft Visual Studio Solution File, Format Version 12.00
# Visual Studio Version 17
VisualStudioVersion = 17.14.36623.8 d17.14
MinimumVisualStudioVersion = 10.0.40219.1
Project("{FAE04EC0-301F-11D3-BF4B-00C04F79EFBC}") = "DiziListesi", "DiziListesi\DiziListesi.csproj", "{21B228AD-B6C1-4EAF-B63B-05DAFAC06DCD}"
EndProject
Global
	GlobalSection(SolutionConfigurationPlatforms) = preSolution
		Debug|Any CPU = Debug|Any CPU
		Release|Any CPU = Release|Any CPU
	EndGlobalSection
	GlobalSection(ProjectConfigurationPlatforms) = postSolution
		{21B228AD-B6C1-4EAF-B63B-05DAFAC06DCD}.Debug|Any CPU.ActiveCfg = Debug|Any CPU
		{21B228AD-B6C1-4EAF-B63B-05DAFAC06DCD}.Debug|Any CPU.Build.0 = Debug|Any CPU
		{21B228AD-B6C1-4EAF-B63B-05DAFAC06DCD}.Release|Any CPU.ActiveCfg = Release|Any CPU
		{21B228AD-B6C1-4EAF-B63B-05DAFAC06DCD}.Release|Any CPU.Build.0 = Release|Any CPU
	EndGlobalSection
	GlobalSection(SolutionProperties) = preSolution
		HideSolutionNode = FALSE
	EndGlobalSection
	GlobalSection(ExtensibilityGlobals) = postSolution
		SolutionGuid = {4B6DBE5E-E05B-40DA-94E6-B6656A5DE3D6}
	EndGlobalSection
EndGlobal
