
Microsoft Visual Studio Solution File, Format Version 12.00
# Visual Studio Version 17
VisualStudioVersion = 17.14.36623.8 d17.14
MinimumVisualStudioVersion = 10.0.40219.1
Project("{FAE04EC0-301F-11D3-BF4B-00C04F79EFBC}") = "BtkAkademi.Operatorler", "BtkAkademi.Operatorler\BtkAkademi.Operatorler.csproj", "{3BD8F07A-40B2-4496-B105-1E9F88B3EEC6}"
EndProject
Global
	GlobalSection(SolutionConfigurationPlatforms) = preSolution
		Debug|Any CPU = Debug|Any CPU
		Release|Any CPU = Release|Any CPU
	EndGlobalSection
	GlobalSection(ProjectConfigurationPlatforms) = postSolution
		{3BD8F07A-40B2-4496-B105-1E9F88B3EEC6}.Debug|Any CPU.ActiveCfg = Debug|Any CPU
		{3BD8F07A-40B2-4496-B105-1E9F88B3EEC6}.Debug|Any CPU.Build.0 = Debug|Any CPU
		{3BD8F07A-40B2-4496-B105-1E9F88B3EEC6}.Release|Any CPU.ActiveCfg = Release|Any CPU
		{3BD8F07A-40B2-4496-B105-1E9F88B3EEC6}.Release|Any CPU.Build.0 = Release|Any CPU
	EndGlobalSection
	GlobalSection(SolutionProperties) = preSolution
		HideSolutionNode = FALSE
	EndGlobalSection
	GlobalSection(ExtensibilityGlobals) = postSolution
		SolutionGuid = {A6D888D3-EDDD-4FF9-95EF-92E4CBF24D1D}
	EndGlobalSection
EndGlobal
