
Microsoft Visual Studio Solution File, Format Version 12.00
# Visual Studio Version 17
VisualStudioVersion = 17.14.36623.8 d17.14
MinimumVisualStudioVersion = 10.0.40219.1
Project("{FAE04EC0-301F-11D3-BF4B-00C04F79EFBC}") = "DongulerForEach", "DongulerForEach\DongulerForEach.csproj", "{E1218A71-7DF6-42B9-952E-F1C80D890816}"
EndProject
Global
	GlobalSection(SolutionConfigurationPlatforms) = preSolution
		Debug|Any CPU = Debug|Any CPU
		Release|Any CPU = Release|Any CPU
	EndGlobalSection
	GlobalSection(ProjectConfigurationPlatforms) = postSolution
		{E1218A71-7DF6-42B9-952E-F1C80D890816}.Debug|Any CPU.ActiveCfg = Debug|Any CPU
		{E1218A71-7DF6-42B9-952E-F1C80D890816}.Debug|Any CPU.Build.0 = Debug|Any CPU
		{E1218A71-7DF6-42B9-952E-F1C80D890816}.Release|Any CPU.ActiveCfg = Release|Any CPU
		{E1218A71-7DF6-42B9-952E-F1C80D890816}.Release|Any CPU.Build.0 = Release|Any CPU
	EndGlobalSection
	GlobalSection(SolutionProperties) = preSolution
		HideSolutionNode = FALSE
	EndGlobalSection
	GlobalSection(ExtensibilityGlobals) = postSolution
		SolutionGuid = {4E2AAF12-936E-4FB4-A789-B02C9C45DD41}
	EndGlobalSection
EndGlobal
