
Microsoft Visual Studio Solution File, Format Version 12.00
# Visual Studio Version 17
VisualStudioVersion = 17.14.36623.8 d17.14
MinimumVisualStudioVersion = 10.0.40219.1
Project("{FAE04EC0-301F-11D3-BF4B-00C04F79EFBC}") = "DongulerDoWhıle", "DongulerDoWhıle\DongulerDoWhıle.csproj", "{00F1BF23-88B3-4B55-87D8-FC240994E92D}"
EndProject
Global
	GlobalSection(SolutionConfigurationPlatforms) = preSolution
		Debug|Any CPU = Debug|Any CPU
		Release|Any CPU = Release|Any CPU
	EndGlobalSection
	GlobalSection(ProjectConfigurationPlatforms) = postSolution
		{00F1BF23-88B3-4B55-87D8-FC240994E92D}.Debug|Any CPU.ActiveCfg = Debug|Any CPU
		{00F1BF23-88B3-4B55-87D8-FC240994E92D}.Debug|Any CPU.Build.0 = Debug|Any CPU
		{00F1BF23-88B3-4B55-87D8-FC240994E92D}.Release|Any CPU.ActiveCfg = Release|Any CPU
		{00F1BF23-88B3-4B55-87D8-FC240994E92D}.Release|Any CPU.Build.0 = Release|Any CPU
	EndGlobalSection
	GlobalSection(SolutionProperties) = preSolution
		HideSolutionNode = FALSE
	EndGlobalSection
	GlobalSection(ExtensibilityGlobals) = postSolution
		SolutionGuid = {4FFCB7E6-3687-4EB7-B811-7C76E41AF276}
	EndGlobalSection
EndGlobal
