
Microsoft Visual Studio Solution File, Format Version 12.00
# Visual Studio Version 17
VisualStudioVersion = 17.14.36623.8 d17.14
MinimumVisualStudioVersion = 10.0.40219.1
Project("{FAE04EC0-301F-11D3-BF4B-00C04F79EFBC}") = "CokBoyutluDızıler", "CokBoyutluDızıler\CokBoyutluDızıler.csproj", "{50055A0B-3197-4B6E-A90F-BF9503A2B61C}"
EndProject
Global
	GlobalSection(SolutionConfigurationPlatforms) = preSolution
		Debug|Any CPU = Debug|Any CPU
		Release|Any CPU = Release|Any CPU
	EndGlobalSection
	GlobalSection(ProjectConfigurationPlatforms) = postSolution
		{50055A0B-3197-4B6E-A90F-BF9503A2B61C}.Debug|Any CPU.ActiveCfg = Debug|Any CPU
		{50055A0B-3197-4B6E-A90F-BF9503A2B61C}.Debug|Any CPU.Build.0 = Debug|Any CPU
		{50055A0B-3197-4B6E-A90F-BF9503A2B61C}.Release|Any CPU.ActiveCfg = Release|Any CPU
		{50055A0B-3197-4B6E-A90F-BF9503A2B61C}.Release|Any CPU.Build.0 = Release|Any CPU
	EndGlobalSection
	GlobalSection(SolutionProperties) = preSolution
		HideSolutionNode = FALSE
	EndGlobalSection
	GlobalSection(ExtensibilityGlobals) = postSolution
		SolutionGuid = {7330AB98-FA42-4D82-8DBA-A77C899EB1C5}
	EndGlobalSection
EndGlobal
